// !$*UTF8*$!
{
	archiveVersion = 1;
	classes = {
	};
	objectVersion = 55;
	objects = {

/* Begin PBXBuildFile section */
		028B2D2227D1F99D009FFD01 /* LoginStoryboard.storyboard in Resources */ = {isa = PBXBuildFile; fileRef = 028B2D2127D1F99D009FFD01 /* LoginStoryboard.storyboard */; };
		028B2D2427D1F9AA009FFD01 /* LoginVC.swift in Sources */ = {isa = PBXBuildFile; fileRef = 028B2D2327D1F9AA009FFD01 /* LoginVC.swift */; };
		02BC85AB27D0A23D00C507A7 /* AppDelegate.swift in Sources */ = {isa = PBXBuildFile; fileRef = 02BC85AA27D0A23D00C507A7 /* AppDelegate.swift */; };
		02BC85AD27D0A23D00C507A7 /* SceneDelegate.swift in Sources */ = {isa = PBXBuildFile; fileRef = 02BC85AC27D0A23D00C507A7 /* SceneDelegate.swift */; };
		02BC85AF27D0A23D00C507A7 /* ViewController.swift in Sources */ = {isa = PBXBuildFile; fileRef = 02BC85AE27D0A23D00C507A7 /* ViewController.swift */; };
		02BC85B227D0A23D00C507A7 /* Main.storyboard in Resources */ = {isa = PBXBuildFile; fileRef = 02BC85B027D0A23D00C507A7 /* Main.storyboard */; };
		02BC85B427D0A23E00C507A7 /* Assets.xcassets in Resources */ = {isa = PBXBuildFile; fileRef = 02BC85B327D0A23E00C507A7 /* Assets.xcassets */; };
		02BC85B727D0A23E00C507A7 /* LaunchScreen.storyboard in Resources */ = {isa = PBXBuildFile; fileRef = 02BC85B527D0A23E00C507A7 /* LaunchScreen.storyboard */; };
		02BC85C227D0A23E00C507A7 /* GolfNotesTests.swift in Sources */ = {isa = PBXBuildFile; fileRef = 02BC85C127D0A23E00C507A7 /* GolfNotesTests.swift */; };
		02BC85CC27D0A23E00C507A7 /* GolfNotesUITests.swift in Sources */ = {isa = PBXBuildFile; fileRef = 02BC85CB27D0A23E00C507A7 /* GolfNotesUITests.swift */; };
		02BC85CE27D0A23E00C507A7 /* GolfNotesUITestsLaunchTests.swift in Sources */ = {isa = PBXBuildFile; fileRef = 02BC85CD27D0A23E00C507A7 /* GolfNotesUITestsLaunchTests.swift */; };
		02BC85DC27D0A70900C507A7 /* FirebaseAnalytics in Frameworks */ = {isa = PBXBuildFile; productRef = 02BC85DB27D0A70900C507A7 /* FirebaseAnalytics */; };
		02BC85DE27D0A70900C507A7 /* FirebaseAuth in Frameworks */ = {isa = PBXBuildFile; productRef = 02BC85DD27D0A70900C507A7 /* FirebaseAuth */; };
		02BC85E027D0A70900C507A7 /* FirebaseFirestore in Frameworks */ = {isa = PBXBuildFile; productRef = 02BC85DF27D0A70900C507A7 /* FirebaseFirestore */; };
		02BC85E227D0A75200C507A7 /* GoogleService-Info.plist in Resources */ = {isa = PBXBuildFile; fileRef = 02BC85E127D0A75200C507A7 /* GoogleService-Info.plist */; };
/* End PBXBuildFile section */

/* Begin PBXContainerItemProxy section */
		02BC85BE27D0A23E00C507A7 /* PBXContainerItemProxy */ = {
			isa = PBXContainerItemProxy;
			containerPortal = 02BC859F27D0A23D00C507A7 /* Project object */;
			proxyType = 1;
			remoteGlobalIDString = 02BC85A627D0A23D00C507A7;
			remoteInfo = GolfNotes;
		};
		02BC85C827D0A23E00C507A7 /* PBXContainerItemProxy */ = {
			isa = PBXContainerItemProxy;
			containerPortal = 02BC859F27D0A23D00C507A7 /* Project object */;
			proxyType = 1;
			remoteGlobalIDString = 02BC85A627D0A23D00C507A7;
			remoteInfo = GolfNotes;
		};
/* End PBXContainerItemProxy section */

/* Begin PBXFileReference section */
		028B2D2127D1F99D009FFD01 /* LoginStoryboard.storyboard */ = {isa = PBXFileReference; lastKnownFileType = file.storyboard; path = LoginStoryboard.storyboard; sourceTree = "<group>"; };
		028B2D2327D1F9AA009FFD01 /* LoginVC.swift */ = {isa = PBXFileReference; lastKnownFileType = sourcecode.swift; path = LoginVC.swift; sourceTree = "<group>"; };
		02BC85A727D0A23D00C507A7 /* GolfNotes.app */ = {isa = PBXFileReference; explicitFileType = wrapper.application; includeInIndex = 0; path = GolfNotes.app; sourceTree = BUILT_PRODUCTS_DIR; };
		02BC85AA27D0A23D00C507A7 /* AppDelegate.swift */ = {isa = PBXFileReference; lastKnownFileType = sourcecode.swift; path = AppDelegate.swift; sourceTree = "<group>"; };
		02BC85AC27D0A23D00C507A7 /* SceneDelegate.swift */ = {isa = PBXFileReference; lastKnownFileType = sourcecode.swift; path = SceneDelegate.swift; sourceTree = "<group>"; };
		02BC85AE27D0A23D00C507A7 /* ViewController.swift */ = {isa = PBXFileReference; lastKnownFileType = sourcecode.swift; path = ViewController.swift; sourceTree = "<group>"; };
		02BC85B127D0A23D00C507A7 /* Base */ = {isa = PBXFileReference; lastKnownFileType = file.storyboard; name = Base; path = Base.lproj/Main.storyboard; sourceTree = "<group>"; };
		02BC85B327D0A23E00C507A7 /* Assets.xcassets */ = {isa = PBXFileReference; lastKnownFileType = folder.assetcatalog; path = Assets.xcassets; sourceTree = "<group>"; };
		02BC85B627D0A23E00C507A7 /* Base */ = {isa = PBXFileReference; lastKnownFileType = file.storyboard; name = Base; path = Base.lproj/LaunchScreen.storyboard; sourceTree = "<group>"; };
		02BC85B827D0A23E00C507A7 /* Info.plist */ = {isa = PBXFileReference; lastKnownFileType = text.plist.xml; path = Info.plist; sourceTree = "<group>"; };
		02BC85BD27D0A23E00C507A7 /* GolfNotesTests.xctest */ = {isa = PBXFileReference; explicitFileType = wrapper.cfbundle; includeInIndex = 0; path = GolfNotesTests.xctest; sourceTree = BUILT_PRODUCTS_DIR; };
		02BC85C127D0A23E00C507A7 /* GolfNotesTests.swift */ = {isa = PBXFileReference; lastKnownFileType = sourcecode.swift; path = GolfNotesTests.swift; sourceTree = "<group>"; };
		02BC85C727D0A23E00C507A7 /* GolfNotesUITests.xctest */ = {isa = PBXFileReference; explicitFileType = wrapper.cfbundle; includeInIndex = 0; path = GolfNotesUITests.xctest; sourceTree = BUILT_PRODUCTS_DIR; };
		02BC85CB27D0A23E00C507A7 /* GolfNotesUITests.swift */ = {isa = PBXFileReference; lastKnownFileType = sourcecode.swift; path = GolfNotesUITests.swift; sourceTree = "<group>"; };
		02BC85CD27D0A23E00C507A7 /* GolfNotesUITestsLaunchTests.swift */ = {isa = PBXFileReference; lastKnownFileType = sourcecode.swift; path = GolfNotesUITestsLaunchTests.swift; sourceTree = "<group>"; };
		02BC85E127D0A75200C507A7 /* GoogleService-Info.plist */ = {isa = PBXFileReference; fileEncoding = 4; lastKnownFileType = text.plist.xml; path = "GoogleService-Info.plist"; sourceTree = "<group>"; };
/* End PBXFileReference section */

/* Begin PBXFrameworksBuildPhase section */
		02BC85A427D0A23D00C507A7 /* Frameworks */ = {
			isa = PBXFrameworksBuildPhase;
			buildActionMask = 2147483647;
			files = (
				02BC85DC27D0A70900C507A7 /* FirebaseAnalytics in Frameworks */,
				02BC85DE27D0A70900C507A7 /* FirebaseAuth in Frameworks */,
				02BC85E027D0A70900C507A7 /* FirebaseFirestore in Frameworks */,
			);
			runOnlyForDeploymentPostprocessing = 0;
		};
		02BC85BA27D0A23E00C507A7 /* Frameworks */ = {
			isa = PBXFrameworksBuildPhase;
			buildActionMask = 2147483647;
			files = (
			);
			runOnlyForDeploymentPostprocessing = 0;
		};
		02BC85C427D0A23E00C507A7 /* Frameworks */ = {
			isa = PBXFrameworksBuildPhase;
			buildActionMask = 2147483647;
			files = (
			);
			runOnlyForDeploymentPostprocessing = 0;
		};
/* End PBXFrameworksBuildPhase section */

/* Begin PBXGroup section */
		02BC859E27D0A23D00C507A7 = {
			isa = PBXGroup;
			children = (
				02BC85A927D0A23D00C507A7 /* GolfNotes */,
				02BC85C027D0A23E00C507A7 /* GolfNotesTests */,
				02BC85CA27D0A23E00C507A7 /* GolfNotesUITests */,
				02BC85A827D0A23D00C507A7 /* Products */,
			);
			sourceTree = "<group>";
		};
		02BC85A827D0A23D00C507A7 /* Products */ = {
			isa = PBXGroup;
			children = (
				02BC85A727D0A23D00C507A7 /* GolfNotes.app */,
				02BC85BD27D0A23E00C507A7 /* GolfNotesTests.xctest */,
				02BC85C727D0A23E00C507A7 /* GolfNotesUITests.xctest */,
			);
			name = Products;
			sourceTree = "<group>";
		};
		02BC85A927D0A23D00C507A7 /* GolfNotes */ = {
			isa = PBXGroup;
			children = (
				02BC85AA27D0A23D00C507A7 /* AppDelegate.swift */,
				02BC85AC27D0A23D00C507A7 /* SceneDelegate.swift */,
				02BC85AE27D0A23D00C507A7 /* ViewController.swift */,
				02BC85B027D0A23D00C507A7 /* Main.storyboard */,
				028B2D2127D1F99D009FFD01 /* LoginStoryboard.storyboard */,
				028B2D2327D1F9AA009FFD01 /* LoginVC.swift */,
				02BC85B327D0A23E00C507A7 /* Assets.xcassets */,
				02BC85B527D0A23E00C507A7 /* LaunchScreen.storyboard */,
				02BC85B827D0A23E00C507A7 /* Info.plist */,
				02BC85E127D0A75200C507A7 /* GoogleService-Info.plist */,
			);
			path = GolfNotes;
			sourceTree = "<group>";
		};
		02BC85C027D0A23E00C507A7 /* GolfNotesTests */ = {
			isa = PBXGroup;
			children = (
				02BC85C127D0A23E00C507A7 /* GolfNotesTests.swift */,
			);
			path = GolfNotesTests;
			sourceTree = "<group>";
		};
		02BC85CA27D0A23E00C507A7 /* GolfNotesUITests */ = {
			isa = PBXGroup;
			children = (
				02BC85CB27D0A23E00C507A7 /* GolfNotesUITests.swift */,
				02BC85CD27D0A23E00C507A7 /* GolfNotesUITestsLaunchTests.swift */,
			);
			path = GolfNotesUITests;
			sourceTree = "<group>";
		};
/* End PBXGroup section */

/* Begin PBXNativeTarget section */
		02BC85A627D0A23D00C507A7 /* GolfNotes */ = {
			isa = PBXNativeTarget;
			buildConfigurationList = 02BC85D127D0A23E00C507A7 /* Build configuration list for PBXNativeTarget "GolfNotes" */;
			buildPhases = (
				02BC85A327D0A23D00C507A7 /* Sources */,
				02BC85A427D0A23D00C507A7 /* Frameworks */,
				02BC85A527D0A23D00C507A7 /* Resources */,
			);
			buildRules = (
			);
			dependencies = (
			);
			name = GolfNotes;
			packageProductDependencies = (
				02BC85DB27D0A70900C507A7 /* FirebaseAnalytics */,
				02BC85DD27D0A70900C507A7 /* FirebaseAuth */,
				02BC85DF27D0A70900C507A7 /* FirebaseFirestore */,
			);
			productName = GolfNotes;
			productReference = 02BC85A727D0A23D00C507A7 /* GolfNotes.app */;
			productType = "com.apple.product-type.application";
		};
		02BC85BC27D0A23E00C507A7 /* GolfNotesTests */ = {
			isa = PBXNativeTarget;
			buildConfigurationList = 02BC85D427D0A23E00C507A7 /* Build configuration list for PBXNativeTarget "GolfNotesTests" */;
			buildPhases = (
				02BC85B927D0A23E00C507A7 /* Sources */,
				02BC85BA27D0A23E00C507A7 /* Frameworks */,
				02BC85BB27D0A23E00C507A7 /* Resources */,
			);
			buildRules = (
			);
			dependencies = (
				02BC85BF27D0A23E00C507A7 /* PBXTargetDependency */,
			);
			name = GolfNotesTests;
			productName = GolfNotesTests;
			productReference = 02BC85BD27D0A23E00C507A7 /* GolfNotesTests.xctest */;
			productType = "com.apple.product-type.bundle.unit-test";
		};
		02BC85C627D0A23E00C507A7 /* GolfNotesUITests */ = {
			isa = PBXNativeTarget;
			buildConfigurationList = 02BC85D727D0A23E00C507A7 /* Build configuration list for PBXNativeTarget "GolfNotesUITests" */;
			buildPhases = (
				02BC85C327D0A23E00C507A7 /* Sources */,
				02BC85C427D0A23E00C507A7 /* Frameworks */,
				02BC85C527D0A23E00C507A7 /* Resources */,
			);
			buildRules = (
			);
			dependencies = (
				02BC85C927D0A23E00C507A7 /* PBXTargetDependency */,
			);
			name = GolfNotesUITests;
			productName = GolfNotesUITests;
			productReference = 02BC85C727D0A23E00C507A7 /* GolfNotesUITests.xctest */;
			productType = "com.apple.product-type.bundle.ui-testing";
		};
/* End PBXNativeTarget section */

/* Begin PBXProject section */
		02BC859F27D0A23D00C507A7 /* Project object */ = {
			isa = PBXProject;
			attributes = {
				BuildIndependentTargetsInParallel = 1;
				LastSwiftUpdateCheck = 1320;
				LastUpgradeCheck = 1320;
				TargetAttributes = {
					02BC85A627D0A23D00C507A7 = {
						CreatedOnToolsVersion = 13.2.1;
					};
					02BC85BC27D0A23E00C507A7 = {
						CreatedOnToolsVersion = 13.2.1;
						TestTargetID = 02BC85A627D0A23D00C507A7;
					};
					02BC85C627D0A23E00C507A7 = {
						CreatedOnToolsVersion = 13.2.1;
						TestTargetID = 02BC85A627D0A23D00C507A7;
					};
				};
			};
			buildConfigurationList = 02BC85A227D0A23D00C507A7 /* Build configuration list for PBXProject "GolfNotes" */;
			compatibilityVersion = "Xcode 13.0";
			developmentRegion = en;
			hasScannedForEncodings = 0;
			knownRegions = (
				en,
				Base,
			);
			mainGroup = 02BC859E27D0A23D00C507A7;
			packageReferences = (
				02BC85DA27D0A70900C507A7 /* XCRemoteSwiftPackageReference "firebase-ios-sdk" */,
			);
			productRefGroup = 02BC85A827D0A23D00C507A7 /* Products */;
			projectDirPath = "";
			projectRoot = "";
			targets = (
				02BC85A627D0A23D00C507A7 /* GolfNotes */,
				02BC85BC27D0A23E00C507A7 /* GolfNotesTests */,
				02BC85C627D0A23E00C507A7 /* GolfNotesUITests */,
			);
		};
/* End PBXProject section */

/* Begin PBXResourcesBuildPhase section */
		02BC85A527D0A23D00C507A7 /* Resources */ = {
			isa = PBXResourcesBuildPhase;
			buildActionMask = 2147483647;
			files = (
				02BC85B727D0A23E00C507A7 /* LaunchScreen.storyboard in Resources */,
				028B2D2227D1F99D009FFD01 /* LoginStoryboard.storyboard in Resources */,
				02BC85E227D0A75200C507A7 /* GoogleService-Info.plist in Resources */,
				02BC85B427D0A23E00C507A7 /* Assets.xcassets in Resources */,
				02BC85B227D0A23D00C507A7 /* Main.storyboard in Resources */,
			);
			runOnlyForDeploymentPostprocessing = 0;
		};
		02BC85BB27D0A23E00C507A7 /* Resources */ = {
			isa = PBXResourcesBuildPhase;
			buildActionMask = 2147483647;
			files = (
			);
			runOnlyForDeploymentPostprocessing = 0;
		};
		02BC85C527D0A23E00C507A7 /* Resources */ = {
			isa = PBXResourcesBuildPhase;
			buildActionMask = 2147483647;
			files = (
			);
			runOnlyForDeploymentPostprocessing = 0;
		};
/* End PBXResourcesBuildPhase section */

/* Begin PBXSourcesBuildPhase section */
		02BC85A327D0A23D00C507A7 /* Sources */ = {
			isa = PBXSourcesBuildPhase;
			buildActionMask = 2147483647;
			files = (
				02BC85AF27D0A23D00C507A7 /* ViewController.swift in Sources */,
				02BC85AB27D0A23D00C507A7 /* AppDelegate.swift in Sources */,
				028B2D2427D1F9AA009FFD01 /* LoginVC.swift in Sources */,
				02BC85AD27D0A23D00C507A7 /* SceneDelegate.swift in Sources */,
			);
			runOnlyForDeploymentPostprocessing = 0;
		};
		02BC85B927D0A23E00C507A7 /* Sources */ = {
			isa = PBXSourcesBuildPhase;
			buildActionMask = 2147483647;
			files = (
				02BC85C227D0A23E00C507A7 /* GolfNotesTests.swift in Sources */,
			);
			runOnlyForDeploymentPostprocessing = 0;
		};
		02BC85C327D0A23E00C507A7 /* Sources */ = {
			isa = PBXSourcesBuildPhase;
			buildActionMask = 2147483647;
			files = (
				02BC85CE27D0A23E00C507A7 /* GolfNotesUITestsLaunchTests.swift in Sources */,
				02BC85CC27D0A23E00C507A7 /* GolfNotesUITests.swift in Sources */,
			);
			runOnlyForDeploymentPostprocessing = 0;
		};
/* End PBXSourcesBuildPhase section */

/* Begin PBXTargetDependency section */
		02BC85BF27D0A23E00C507A7 /* PBXTargetDependency */ = {
			isa = PBXTargetDependency;
			target = 02BC85A627D0A23D00C507A7 /* GolfNotes */;
			targetProxy = 02BC85BE27D0A23E00C507A7 /* PBXContainerItemProxy */;
		};
		02BC85C927D0A23E00C507A7 /* PBXTargetDependency */ = {
			isa = PBXTargetDependency;
			target = 02BC85A627D0A23D00C507A7 /* GolfNotes */;
			targetProxy = 02BC85C827D0A23E00C507A7 /* PBXContainerItemProxy */;
		};
/* End PBXTargetDependency section */

/* Begin PBXVariantGroup section */
		02BC85B027D0A23D00C507A7 /* Main.storyboard */ = {
			isa = PBXVariantGroup;
			children = (
				02BC85B127D0A23D00C507A7 /* Base */,
			);
			name = Main.storyboard;
			sourceTree = "<group>";
		};
		02BC85B527D0A23E00C507A7 /* LaunchScreen.storyboard */ = {
			isa = PBXVariantGroup;
			children = (
				02BC85B627D0A23E00C507A7 /* Base */,
			);
			name = LaunchScreen.storyboard;
			sourceTree = "<group>";
		};
/* End PBXVariantGroup section */

/* Begin XCBuildConfiguration section */
		02BC85CF27D0A23E00C507A7 /* Debug */ = {
			isa = XCBuildConfiguration;
			buildSettings = {
				ALWAYS_SEARCH_USER_PATHS = NO;
				CLANG_ANALYZER_NONNULL = YES;
				CLANG_ANALYZER_NUMBER_OBJECT_CONVERSION = YES_AGGRESSIVE;
				CLANG_CXX_LANGUAGE_STANDARD = "gnu++17";
				CLANG_CXX_LIBRARY = "libc++";
				CLANG_ENABLE_MODULES = YES;
				CLANG_ENABLE_OBJC_ARC = YES;
				CLANG_ENABLE_OBJC_WEAK = YES;
				CLANG_WARN_BLOCK_CAPTURE_AUTORELEASING = YES;
				CLANG_WARN_BOOL_CONVERSION = YES;
				CLANG_WARN_COMMA = YES;
				CLANG_WARN_CONSTANT_CONVERSION = YES;
				CLANG_WARN_DEPRECATED_OBJC_IMPLEMENTATIONS = YES;
				CLANG_WARN_DIRECT_OBJC_ISA_USAGE = YES_ERROR;
				CLANG_WARN_DOCUMENTATION_COMMENTS = YES;
				CLANG_WARN_EMPTY_BODY = YES;
				CLANG_WARN_ENUM_CONVERSION = YES;
				CLANG_WARN_INFINITE_RECURSION = YES;
				CLANG_WARN_INT_CONVERSION = YES;
				CLANG_WARN_NON_LITERAL_NULL_CONVERSION = YES;
				CLANG_WARN_OBJC_IMPLICIT_RETAIN_SELF = YES;
				CLANG_WARN_OBJC_LITERAL_CONVERSION = YES;
				CLANG_WARN_OBJC_ROOT_CLASS = YES_ERROR;
				CLANG_WARN_QUOTED_INCLUDE_IN_FRAMEWORK_HEADER = YES;
				CLANG_WARN_RANGE_LOOP_ANALYSIS = YES;
				CLANG_WARN_STRICT_PROTOTYPES = YES;
				CLANG_WARN_SUSPICIOUS_MOVE = YES;
				CLANG_WARN_UNGUARDED_AVAILABILITY = YES_AGGRESSIVE;
				CLANG_WARN_UNREACHABLE_CODE = YES;
				CLANG_WARN__DUPLICATE_METHOD_MATCH = YES;
				COPY_PHASE_STRIP = NO;
				DEBUG_INFORMATION_FORMAT = dwarf;
				ENABLE_STRICT_OBJC_MSGSEND = YES;
				ENABLE_TESTABILITY = YES;
				GCC_C_LANGUAGE_STANDARD = gnu11;
				GCC_DYNAMIC_NO_PIC = NO;
				GCC_NO_COMMON_BLOCKS = YES;
				GCC_OPTIMIZATION_LEVEL = 0;
				GCC_PREPROCESSOR_DEFINITIONS = (
					"DEBUG=1",
					"$(inherited)",
				);
				GCC_WARN_64_TO_32_BIT_CONVERSION = YES;
				GCC_WARN_ABOUT_RETURN_TYPE = YES_ERROR;
				GCC_WARN_UNDECLARED_SELECTOR = YES;
				GCC_WARN_UNINITIALIZED_AUTOS = YES_AGGRESSIVE;
				GCC_WARN_UNUSED_FUNCTION = YES;
				GCC_WARN_UNUSED_VARIABLE = YES;
				IPHONEOS_DEPLOYMENT_TARGET = 15.2;
				MTL_ENABLE_DEBUG_INFO = INCLUDE_SOURCE;
				MTL_FAST_MATH = YES;
				ONLY_ACTIVE_ARCH = YES;
				SDKROOT = iphoneos;
				SWIFT_ACTIVE_COMPILATION_CONDITIONS = DEBUG;
				SWIFT_OPTIMIZATION_LEVEL = "-Onone";
			};
			name = Debug;
		};
		02BC85D027D0A23E00C507A7 /* Release */ = {
			isa = XCBuildConfiguration;
			buildSettings = {
				ALWAYS_SEARCH_USER_PATHS = NO;
				CLANG_ANALYZER_NONNULL = YES;
				CLANG_ANALYZER_NUMBER_OBJECT_CONVERSION = YES_AGGRESSIVE;
				CLANG_CXX_LANGUAGE_STANDARD = "gnu++17";
				CLANG_CXX_LIBRARY = "libc++";
				CLANG_ENABLE_MODULES = YES;
				CLANG_ENABLE_OBJC_ARC = YES;
				CLANG_ENABLE_OBJC_WEAK = YES;
				CLANG_WARN_BLOCK_CAPTURE_AUTORELEASING = YES;
				CLANG_WARN_BOOL_CONVERSION = YES;
				CLANG_WARN_COMMA = YES;
				CLANG_WARN_CONSTANT_CONVERSION = YES;
				CLANG_WARN_DEPRECATED_OBJC_IMPLEMENTATIONS = YES;
				CLANG_WARN_DIRECT_OBJC_ISA_USAGE = YES_ERROR;
				CLANG_WARN_DOCUMENTATION_COMMENTS = YES;
				CLANG_WARN_EMPTY_BODY = YES;
				CLANG_WARN_ENUM_CONVERSION = YES;
				CLANG_WARN_INFINITE_RECURSION = YES;
				CLANG_WARN_INT_CONVERSION = YES;
				CLANG_WARN_NON_LITERAL_NULL_CONVERSION = YES;
				CLANG_WARN_OBJC_IMPLICIT_RETAIN_SELF = YES;
				CLANG_WARN_OBJC_LITERAL_CONVERSION = YES;
				CLANG_WARN_OBJC_ROOT_CLASS = YES_ERROR;
				CLANG_WARN_QUOTED_INCLUDE_IN_FRAMEWORK_HEADER = YES;
				CLANG_WARN_RANGE_LOOP_ANALYSIS = YES;
				CLANG_WARN_STRICT_PROTOTYPES = YES;
				CLANG_WARN_SUSPICIOUS_MOVE = YES;
				CLANG_WARN_UNGUARDED_AVAILABILITY = YES_AGGRESSIVE;
				CLANG_WARN_UNREACHABLE_CODE = YES;
				CLANG_WARN__DUPLICATE_METHOD_MATCH = YES;
				COPY_PHASE_STRIP = NO;
				DEBUG_INFORMATION_FORMAT = "dwarf-with-dsym";
				ENABLE_NS_ASSERTIONS = NO;
				ENABLE_STRICT_OBJC_MSGSEND = YES;
				GCC_C_LANGUAGE_STANDARD = gnu11;
				GCC_NO_COMMON_BLOCKS = YES;
				GCC_WARN_64_TO_32_BIT_CONVERSION = YES;
				GCC_WARN_ABOUT_RETURN_TYPE = YES_ERROR;
				GCC_WARN_UNDECLARED_SELECTOR = YES;
				GCC_WARN_UNINITIALIZED_AUTOS = YES_AGGRESSIVE;
				GCC_WARN_UNUSED_FUNCTION = YES;
				GCC_WARN_UNUSED_VARIABLE = YES;
				IPHONEOS_DEPLOYMENT_TARGET = 15.2;
				MTL_ENABLE_DEBUG_INFO = NO;
				MTL_FAST_MATH = YES;
				SDKROOT = iphoneos;
				SWIFT_COMPILATION_MODE = wholemodule;
				SWIFT_OPTIMIZATION_LEVEL = "-O";
				VALIDATE_PRODUCT = YES;
			};
			name = Release;
		};
		02BC85D227D0A23E00C507A7 /* Debug */ = {
			isa = XCBuildConfiguration;
			buildSettings = {
				ASSETCATALOG_COMPILER_APPICON_NAME = AppIcon;
				ASSETCATALOG_COMPILER_GLOBAL_ACCENT_COLOR_NAME = AccentColor;
				CODE_SIGN_STYLE = Automatic;
				CURRENT_PROJECT_VERSION = 1;
				DEVELOPMENT_TEAM = 3MYK6WVGH4;
				GENERATE_INFOPLIST_FILE = YES;
				INFOPLIST_FILE = GolfNotes/Info.plist;
				INFOPLIST_KEY_UIApplicationSupportsIndirectInputEvents = YES;
				INFOPLIST_KEY_UILaunchStoryboardName = LaunchScreen;
				INFOPLIST_KEY_UIMainStoryboardFile = Main;
				INFOPLIST_KEY_UISupportedInterfaceOrientations_iPad = "UIInterfaceOrientationPortrait UIInterfaceOrientationPortraitUpsideDown UIInterfaceOrientationLandscapeLeft UIInterfaceOrientationLandscapeRight";
				INFOPLIST_KEY_UISupportedInterfaceOrientations_iPhone = "UIInterfaceOrientationPortrait UIInterfaceOrientationLandscapeLeft UIInterfaceOrientationLandscapeRight";
				LD_RUNPATH_SEARCH_PATHS = (
					"$(inherited)",
					"@executable_path/Frameworks",
				);
				MARKETING_VERSION = 1.0;
				PRODUCT_BUNDLE_IDENTIFIER = com.jchang.GolfNotes;
				PRODUCT_NAME = "$(TARGET_NAME)";
				SWIFT_EMIT_LOC_STRINGS = YES;
				SWIFT_VERSION = 5.0;
				TARGETED_DEVICE_FAMILY = "1,2";
			};
			name = Debug;
		};
		02BC85D327D0A23E00C507A7 /* Release */ = {
			isa = XCBuildConfiguration;
			buildSettings = {
				ASSETCATALOG_COMPILER_APPICON_NAME = AppIcon;
				ASSETCATALOG_COMPILER_GLOBAL_ACCENT_COLOR_NAME = AccentColor;
				CODE_SIGN_STYLE = Automatic;
				CURRENT_PROJECT_VERSION = 1;
				DEVELOPMENT_TEAM = 3MYK6WVGH4;
				GENERATE_INFOPLIST_FILE = YES;
				INFOPLIST_FILE = GolfNotes/Info.plist;
				INFOPLIST_KEY_UIApplicationSupportsIndirectInputEvents = YES;
				INFOPLIST_KEY_UILaunchStoryboardName = LaunchScreen;
				INFOPLIST_KEY_UIMainStoryboardFile = Main;
				INFOPLIST_KEY_UISupportedInterfaceOrientations_iPad = "UIInterfaceOrientationPortrait UIInterfaceOrientationPortraitUpsideDown UIInterfaceOrientationLandscapeLeft UIInterfaceOrientationLandscapeRight";
				INFOPLIST_KEY_UISupportedInterfaceOrientations_iPhone = "UIInterfaceOrientationPortrait UIInterfaceOrientationLandscapeLeft UIInterfaceOrientationLandscapeRight";
				LD_RUNPATH_SEARCH_PATHS = (
					"$(inherited)",
					"@executable_path/Frameworks",
				);
				MARKETING_VERSION = 1.0;
				PRODUCT_BUNDLE_IDENTIFIER = com.jchang.GolfNotes;
				PRODUCT_NAME = "$(TARGET_NAME)";
				SWIFT_EMIT_LOC_STRINGS = YES;
				SWIFT_VERSION = 5.0;
				TARGETED_DEVICE_FAMILY = "1,2";
			};
			name = Release;
		};
		02BC85D527D0A23E00C507A7 /* Debug */ = {
			isa = XCBuildConfiguration;
			buildSettings = {
				ALWAYS_EMBED_SWIFT_STANDARD_LIBRARIES = YES;
				BUNDLE_LOADER = "$(TEST_HOST)";
				CODE_SIGN_STYLE = Automatic;
				CURRENT_PROJECT_VERSION = 1;
				GENERATE_INFOPLIST_FILE = YES;
				IPHONEOS_DEPLOYMENT_TARGET = 15.2;
				MARKETING_VERSION = 1.0;
				PRODUCT_BUNDLE_IDENTIFIER = com.jchang.GolfNotesTests;
				PRODUCT_NAME = "$(TARGET_NAME)";
				SWIFT_EMIT_LOC_STRINGS = NO;
				SWIFT_VERSION = 5.0;
				TARGETED_DEVICE_FAMILY = "1,2";
				TEST_HOST = "$(BUILT_PRODUCTS_DIR)/GolfNotes.app/GolfNotes";
			};
			name = Debug;
		};
		02BC85D627D0A23E00C507A7 /* Release */ = {
			isa = XCBuildConfiguration;
			buildSettings = {
				ALWAYS_EMBED_SWIFT_STANDARD_LIBRARIES = YES;
				BUNDLE_LOADER = "$(TEST_HOST)";
				CODE_SIGN_STYLE = Automatic;
				CURRENT_PROJECT_VERSION = 1;
				GENERATE_INFOPLIST_FILE = YES;
				IPHONEOS_DEPLOYMENT_TARGET = 15.2;
				MARKETING_VERSION = 1.0;
				PRODUCT_BUNDLE_IDENTIFIER = com.jchang.GolfNotesTests;
				PRODUCT_NAME = "$(TARGET_NAME)";
				SWIFT_EMIT_LOC_STRINGS = NO;
				SWIFT_VERSION = 5.0;
				TARGETED_DEVICE_FAMILY = "1,2";
				TEST_HOST = "$(BUILT_PRODUCTS_DIR)/GolfNotes.app/GolfNotes";
			};
			name = Release;
		};
		02BC85D827D0A23E00C507A7 /* Debug */ = {
			isa = XCBuildConfiguration;
			buildSettings = {
				ALWAYS_EMBED_SWIFT_STANDARD_LIBRARIES = YES;
				CODE_SIGN_STYLE = Automatic;
				CURRENT_PROJECT_VERSION = 1;
				GENERATE_INFOPLIST_FILE = YES;
				MARKETING_VERSION = 1.0;
				PRODUCT_BUNDLE_IDENTIFIER = com.jchang.GolfNotesUITests;
				PRODUCT_NAME = "$(TARGET_NAME)";
				SWIFT_EMIT_LOC_STRINGS = NO;
				SWIFT_VERSION = 5.0;
				TARGETED_DEVICE_FAMILY = "1,2";
				TEST_TARGET_NAME = GolfNotes;
			};
			name = Debug;
		};
		02BC85D927D0A23E00C507A7 /* Release */ = {
			isa = XCBuildConfiguration;
			buildSettings = {
				ALWAYS_EMBED_SWIFT_STANDARD_LIBRARIES = YES;
				CODE_SIGN_STYLE = Automatic;
				CURRENT_PROJECT_VERSION = 1;
				GENERATE_INFOPLIST_FILE = YES;
				MARKETING_VERSION = 1.0;
				PRODUCT_BUNDLE_IDENTIFIER = com.jchang.GolfNotesUITests;
				PRODUCT_NAME = "$(TARGET_NAME)";
				SWIFT_EMIT_LOC_STRINGS = NO;
				SWIFT_VERSION = 5.0;
				TARGETED_DEVICE_FAMILY = "1,2";
				TEST_TARGET_NAME = GolfNotes;
			};
			name = Release;
		};
/* End XCBuildConfiguration section */

/* Begin XCConfigurationList section */
		02BC85A227D0A23D00C507A7 /* Build configuration list for PBXProject "GolfNotes" */ = {
			isa = XCConfigurationList;
			buildConfigurations = (
				02BC85CF27D0A23E00C507A7 /* Debug */,
				02BC85D027D0A23E00C507A7 /* Release */,
			);
			defaultConfigurationIsVisible = 0;
			defaultConfigurationName = Release;
		};
		02BC85D127D0A23E00C507A7 /* Build configuration list for PBXNativeTarget "GolfNotes" */ = {
			isa = XCConfigurationList;
			buildConfigurations = (
				02BC85D227D0A23E00C507A7 /* Debug */,
				02BC85D327D0A23E00C507A7 /* Release */,
			);
			defaultConfigurationIsVisible = 0;
			defaultConfigurationName = Release;
		};
		02BC85D427D0A23E00C507A7 /* Build configuration list for PBXNativeTarget "GolfNotesTests" */ = {
			isa = XCConfigurationList;
			buildConfigurations = (
				02BC85D527D0A23E00C507A7 /* Debug */,
				02BC85D627D0A23E00C507A7 /* Release */,
			);
			defaultConfigurationIsVisible = 0;
			defaultConfigurationName = Release;
		};
		02BC85D727D0A23E00C507A7 /* Build configuration list for PBXNativeTarget "GolfNotesUITests" */ = {
			isa = XCConfigurationList;
			buildConfigurations = (
				02BC85D827D0A23E00C507A7 /* Debug */,
				02BC85D927D0A23E00C507A7 /* Release */,
			);
			defaultConfigurationIsVisible = 0;
			defaultConfigurationName = Release;
		};
/* End XCConfigurationList section */

/* Begin XCRemoteSwiftPackageReference section */
		02BC85DA27D0A70900C507A7 /* XCRemoteSwiftPackageReference "firebase-ios-sdk" */ = {
			isa = XCRemoteSwiftPackageReference;
			repositoryURL = "https://github.com/firebase/firebase-ios-sdk";
			requirement = {
				kind = upToNextMajorVersion;
				minimumVersion = 8.0.0;
			};
		};
/* End XCRemoteSwiftPackageReference section */

/* Begin XCSwiftPackageProductDependency section */
		02BC85DB27D0A70900C507A7 /* FirebaseAnalytics */ = {
			isa = XCSwiftPackageProductDependency;
			package = 02BC85DA27D0A70900C507A7 /* XCRemoteSwiftPackageReference "firebase-ios-sdk" */;
			productName = FirebaseAnalytics;
		};
		02BC85DD27D0A70900C507A7 /* FirebaseAuth */ = {
			isa = XCSwiftPackageProductDependency;
			package = 02BC85DA27D0A70900C507A7 /* XCRemoteSwiftPackageReference "firebase-ios-sdk" */;
			productName = FirebaseAuth;
		};
		02BC85DF27D0A70900C507A7 /* FirebaseFirestore */ = {
			isa = XCSwiftPackageProductDependency;
			package = 02BC85DA27D0A70900C507A7 /* XCRemoteSwiftPackageReference "firebase-ios-sdk" */;
			productName = FirebaseFirestore;
		};
/* End XCSwiftPackageProductDependency section */
	};
	rootObject = 02BC859F27D0A23D00C507A7 /* Project object */;
}
